
Microsoft Visual Studio Solution File, Format Version 12.00
# Visual Studio Version 17
VisualStudioVersion = 17.0.31912.275
MinimumVisualStudioVersion = 10.0.40219.1
Project("{FAE04EC0-301F-11D3-BF4B-00C04F79EFBC}") = "Servicios.api.Libreria", "Servicios.api.Libreria\Servicios.api.Libreria.csproj", "{29E48040-AB33-4C03-8976-274060C87C89}"
EndProject
Global
	GlobalSection(SolutionConfigurationPlatforms) = preSolution
		Debug|Any CPU = Debug|Any CPU
		Release|Any CPU = Release|Any CPU
	EndGlobalSection
	GlobalSection(ProjectConfigurationPlatforms) = postSolution
		{29E48040-AB33-4C03-8976-274060C87C89}.Debug|Any CPU.ActiveCfg = Debug|Any CPU
		{29E48040-AB33-4C03-8976-274060C87C89}.Debug|Any CPU.Build.0 = Debug|Any CPU
		{29E48040-AB33-4C03-8976-274060C87C89}.Release|Any CPU.ActiveCfg = Release|Any CPU
		{29E48040-AB33-4C03-8976-274060C87C89}.Release|Any CPU.Build.0 = Release|Any CPU
	EndGlobalSection
	GlobalSection(SolutionProperties) = preSolution
		HideSolutionNode = FALSE
	EndGlobalSection
	GlobalSection(ExtensibilityGlobals) = postSolution
		SolutionGuid = {A0AAB452-6B1F-4D4B-B448-C3414B7DACBE}
	EndGlobalSection
EndGlobal
